
Microsoft Visual Studio Solution File, Format Version 12.00
# Visual Studio Version 16
VisualStudioVersion = 16.0.30711.63
MinimumVisualStudioVersion = 10.0.40219.1
Project("{8BC9CEB8-8B4A-11D0-8D11-00A0C91BC942}") = "Lab_4.5", "Lab_4.5\Lab_4.5.vcxproj", "{94FEAEE2-40F4-42A2-8791-EAB5A7EA25DF}"
EndProject
Project("{8BC9CEB8-8B4A-11D0-8D11-00A0C91BC942}") = "UnitTest1", "UnitTest1\UnitTest1.vcxproj", "{DA725C54-EEA0-4519-8E0D-806C6F98777A}"
EndProject
Global
	GlobalSection(SolutionConfigurationPlatforms) = preSolution
		Debug|x64 = Debug|x64
		Debug|x86 = Debug|x86
		Release|x64 = Release|x64
		Release|x86 = Release|x86
	EndGlobalSection
	GlobalSection(ProjectConfigurationPlatforms) = postSolution
		{94FEAEE2-40F4-42A2-8791-EAB5A7EA25DF}.Debug|x64.ActiveCfg = Debug|x64
		{94FEAEE2-40F4-42A2-8791-EAB5A7EA25DF}.Debug|x64.Build.0 = Debug|x64
		{94FEAEE2-40F4-42A2-8791-EAB5A7EA25DF}.Debug|x86.ActiveCfg = Debug|Win32
		{94FEAEE2-40F4-42A2-8791-EAB5A7EA25DF}.Debug|x86.Build.0 = Debug|Win32
		{94FEAEE2-40F4-42A2-8791-EAB5A7EA25DF}.Release|x64.ActiveCfg = Release|x64
		{94FEAEE2-40F4-42A2-8791-EAB5A7EA25DF}.Release|x64.Build.0 = Release|x64
		{94FEAEE2-40F4-42A2-8791-EAB5A7EA25DF}.Release|x86.ActiveCfg = Release|Win32
		{94FEAEE2-40F4-42A2-8791-EAB5A7EA25DF}.Release|x86.Build.0 = Release|Win32
		{DA725C54-EEA0-4519-8E0D-806C6F98777A}.Debug|x64.ActiveCfg = Debug|x64
		{DA725C54-EEA0-4519-8E0D-806C6F98777A}.Debug|x64.Build.0 = Debug|x64
		{DA725C54-EEA0-4519-8E0D-806C6F98777A}.Debug|x86.ActiveCfg = Debug|Win32
		{DA725C54-EEA0-4519-8E0D-806C6F98777A}.Debug|x86.Build.0 = Debug|Win32
		{DA725C54-EEA0-4519-8E0D-806C6F98777A}.Release|x64.ActiveCfg = Release|x64
		{DA725C54-EEA0-4519-8E0D-806C6F98777A}.Release|x64.Build.0 = Release|x64
		{DA725C54-EEA0-4519-8E0D-806C6F98777A}.Release|x86.ActiveCfg = Release|Win32
		{DA725C54-EEA0-4519-8E0D-806C6F98777A}.Release|x86.Build.0 = Release|Win32
	EndGlobalSection
	GlobalSection(SolutionProperties) = preSolution
		HideSolutionNode = FALSE
	EndGlobalSection
	GlobalSection(ExtensibilityGlobals) = postSolution
		SolutionGuid = {BC9F981F-2A34-400A-89C3-B67F68382AFB}
	EndGlobalSection
EndGlobal
