
Microsoft Visual Studio Solution File, Format Version 12.00
# Visual Studio Version 16
VisualStudioVersion = 16.0.30711.63
MinimumVisualStudioVersion = 10.0.40219.1
Project("{8BC9CEB8-8B4A-11D0-8D11-00A0C91BC942}") = "Lab_1.5", "Lab_1.5\Lab_1.5.vcxproj", "{B1D91CE2-9DA5-4E0E-A190-C070AB9B9C16}"
EndProject
Project("{8BC9CEB8-8B4A-11D0-8D11-00A0C91BC942}") = "UnitTest1", "UnitTest1\UnitTest1.vcxproj", "{26CAA314-C24C-4F6D-968C-7FD92D24E1E6}"
EndProject
Global
	GlobalSection(SolutionConfigurationPlatforms) = preSolution
		Debug|x64 = Debug|x64
		Debug|x86 = Debug|x86
		Release|x64 = Release|x64
		Release|x86 = Release|x86
	EndGlobalSection
	GlobalSection(ProjectConfigurationPlatforms) = postSolution
		{B1D91CE2-9DA5-4E0E-A190-C070AB9B9C16}.Debug|x64.ActiveCfg = Debug|x64
		{B1D91CE2-9DA5-4E0E-A190-C070AB9B9C16}.Debug|x64.Build.0 = Debug|x64
		{B1D91CE2-9DA5-4E0E-A190-C070AB9B9C16}.Debug|x86.ActiveCfg = Debug|Win32
		{B1D91CE2-9DA5-4E0E-A190-C070AB9B9C16}.Debug|x86.Build.0 = Debug|Win32
		{B1D91CE2-9DA5-4E0E-A190-C070AB9B9C16}.Release|x64.ActiveCfg = Release|x64
		{B1D91CE2-9DA5-4E0E-A190-C070AB9B9C16}.Release|x64.Build.0 = Release|x64
		{B1D91CE2-9DA5-4E0E-A190-C070AB9B9C16}.Release|x86.ActiveCfg = Release|Win32
		{B1D91CE2-9DA5-4E0E-A190-C070AB9B9C16}.Release|x86.Build.0 = Release|Win32
		{26CAA314-C24C-4F6D-968C-7FD92D24E1E6}.Debug|x64.ActiveCfg = Debug|x64
		{26CAA314-C24C-4F6D-968C-7FD92D24E1E6}.Debug|x64.Build.0 = Debug|x64
		{26CAA314-C24C-4F6D-968C-7FD92D24E1E6}.Debug|x86.ActiveCfg = Debug|Win32
		{26CAA314-C24C-4F6D-968C-7FD92D24E1E6}.Debug|x86.Build.0 = Debug|Win32
		{26CAA314-C24C-4F6D-968C-7FD92D24E1E6}.Release|x64.ActiveCfg = Release|x64
		{26CAA314-C24C-4F6D-968C-7FD92D24E1E6}.Release|x64.Build.0 = Release|x64
		{26CAA314-C24C-4F6D-968C-7FD92D24E1E6}.Release|x86.ActiveCfg = Release|Win32
		{26CAA314-C24C-4F6D-968C-7FD92D24E1E6}.Release|x86.Build.0 = Release|Win32
	EndGlobalSection
	GlobalSection(SolutionProperties) = preSolution
		HideSolutionNode = FALSE
	EndGlobalSection
	GlobalSection(ExtensibilityGlobals) = postSolution
		SolutionGuid = {8FB2CD48-AA4C-4D2B-A19E-7E76D69C258E}
	EndGlobalSection
EndGlobal
