
Microsoft Visual Studio Solution File, Format Version 12.00
# Visual Studio Version 16
VisualStudioVersion = 16.0.30406.217
MinimumVisualStudioVersion = 10.0.40219.1
Project("{8BC9CEB8-8B4A-11D0-8D11-00A0C91BC942}") = "Lab_5.1", "Lab_5.1\Lab_5.1.vcxproj", "{6906692E-B1E1-40EB-96C7-5E4DFE447073}"
EndProject
Project("{8BC9CEB8-8B4A-11D0-8D11-00A0C91BC942}") = "UnitTest1", "UnitTest1\UnitTest1.vcxproj", "{2F86A5B3-9222-4690-8E44-64E1CCCB62D8}"
EndProject
Global
	GlobalSection(SolutionConfigurationPlatforms) = preSolution
		Debug|x64 = Debug|x64
		Debug|x86 = Debug|x86
		Release|x64 = Release|x64
		Release|x86 = Release|x86
	EndGlobalSection
	GlobalSection(ProjectConfigurationPlatforms) = postSolution
		{6906692E-B1E1-40EB-96C7-5E4DFE447073}.Debug|x64.ActiveCfg = Debug|x64
		{6906692E-B1E1-40EB-96C7-5E4DFE447073}.Debug|x64.Build.0 = Debug|x64
		{6906692E-B1E1-40EB-96C7-5E4DFE447073}.Debug|x86.ActiveCfg = Debug|Win32
		{6906692E-B1E1-40EB-96C7-5E4DFE447073}.Debug|x86.Build.0 = Debug|Win32
		{6906692E-B1E1-40EB-96C7-5E4DFE447073}.Release|x64.ActiveCfg = Release|x64
		{6906692E-B1E1-40EB-96C7-5E4DFE447073}.Release|x64.Build.0 = Release|x64
		{6906692E-B1E1-40EB-96C7-5E4DFE447073}.Release|x86.ActiveCfg = Release|Win32
		{6906692E-B1E1-40EB-96C7-5E4DFE447073}.Release|x86.Build.0 = Release|Win32
		{2F86A5B3-9222-4690-8E44-64E1CCCB62D8}.Debug|x64.ActiveCfg = Debug|x64
		{2F86A5B3-9222-4690-8E44-64E1CCCB62D8}.Debug|x64.Build.0 = Debug|x64
		{2F86A5B3-9222-4690-8E44-64E1CCCB62D8}.Debug|x86.ActiveCfg = Debug|Win32
		{2F86A5B3-9222-4690-8E44-64E1CCCB62D8}.Debug|x86.Build.0 = Debug|Win32
		{2F86A5B3-9222-4690-8E44-64E1CCCB62D8}.Release|x64.ActiveCfg = Release|x64
		{2F86A5B3-9222-4690-8E44-64E1CCCB62D8}.Release|x64.Build.0 = Release|x64
		{2F86A5B3-9222-4690-8E44-64E1CCCB62D8}.Release|x86.ActiveCfg = Release|Win32
		{2F86A5B3-9222-4690-8E44-64E1CCCB62D8}.Release|x86.Build.0 = Release|Win32
	EndGlobalSection
	GlobalSection(SolutionProperties) = preSolution
		HideSolutionNode = FALSE
	EndGlobalSection
	GlobalSection(ExtensibilityGlobals) = postSolution
		SolutionGuid = {97FC046E-DBAE-4B4E-A14A-4A12270DEFC5}
	EndGlobalSection
EndGlobal
